{
  "originHash" : "e7a4c0088a75218fd46fd2230fe9a67a826677906545d6700ee5133c85df0e46",
  "pins" : [
    {
      "identity" : "swift-syntax",
      "kind" : "remoteSourceControl",
      "location" : "https://github.com/apple/swift-syntax",
      "state" : {
        "revision" : "82a453c2dfa335c7e778695762438dfe72b328d2",
        "version" : "600.0.0-prerelease-2024-07-24"
      }
    },
    {
      "identity" : "yoga",
      "kind" : "remoteSourceControl",
      "location" : "https://github.com/iainsmith/yoga.git",
      "state" : {
        "revision" : "f2a888c8202cbca14093640a98db309fd257744b",
        "version" : "3.1.1"
      }
    }
  ],
  "version" : 3
}
