{
  "originHash" : "84b4f2fb9a7fd52e545459b4d1c1ef1b1450a8ba66f74c077970d897c208c10d",
  "pins" : [
    {
      "identity" : "swift-syntax",
      "kind" : "remoteSourceControl",
      "location" : "https://github.com/apple/swift-syntax",
      "state" : {
        "revision" : "82a453c2dfa335c7e778695762438dfe72b328d2",
        "version" : "600.0.0-prerelease-2024-07-24"
      }
    },
    {
      "identity" : "swift-testing",
      "kind" : "remoteSourceControl",
      "location" : "https://github.com/swiftlang/swift-testing",
      "state" : {
        "revision" : "6155e83dbaa2696d13bcd0079665b6a6daaf6dc8",
        "version" : "0.11.0"
      }
    },
    {
      "identity" : "yoga",
      "kind" : "remoteSourceControl",
      "location" : "https://github.com/facebook/yoga.git",
      "state" : {
        "revision" : "69b8934429702bd3ab06e8d6f709112a761b474b",
        "version" : "3.1.0"
      }
    }
  ],
  "version" : 3
}
